
Microsoft Visual Studio Solution File, Format Version 12.00
# Visual Studio Version 17
VisualStudioVersion = 17.7.34031.279
MinimumVisualStudioVersion = 10.0.40219.1
Project("{FAE04EC0-301F-11D3-BF4B-00C04F79EFBC}") = "Gazi.HelloWorldAppSube3", "Gazi.HelloWorldAppSube3\Gazi.HelloWorldAppSube3.csproj", "{1DD8D625-FA08-458D-B112-ED00D53AA12B}"
EndProject
Global
	GlobalSection(SolutionConfigurationPlatforms) = preSolution
		Debug|Any CPU = Debug|Any CPU
		Release|Any CPU = Release|Any CPU
	EndGlobalSection
	GlobalSection(ProjectConfigurationPlatforms) = postSolution
		{1DD8D625-FA08-458D-B112-ED00D53AA12B}.Debug|Any CPU.ActiveCfg = Debug|Any CPU
		{1DD8D625-FA08-458D-B112-ED00D53AA12B}.Debug|Any CPU.Build.0 = Debug|Any CPU
		{1DD8D625-FA08-458D-B112-ED00D53AA12B}.Release|Any CPU.ActiveCfg = Release|Any CPU
		{1DD8D625-FA08-458D-B112-ED00D53AA12B}.Release|Any CPU.Build.0 = Release|Any CPU
	EndGlobalSection
	GlobalSection(SolutionProperties) = preSolution
		HideSolutionNode = FALSE
	EndGlobalSection
	GlobalSection(ExtensibilityGlobals) = postSolution
		SolutionGuid = {88FFE211-5FAE-43A1-A90C-F61458AA443E}
	EndGlobalSection
EndGlobal
